schema: '2.0'
stages:
  training:
    cmd: python src/pipeline/training_pipeline.py
    deps:
    - path: src/components/data_ingestion.py
      md5: d4d723d48a590b93c443f3ff66b2147c
      size: 2800
    - path: src/components/data_transformation.py
      md5: 5b0d673dbb07c86004fe99aaff2c7d90
      size: 5548
    - path: src/components/model_evaluation.py
      md5: f4d1795c19e9694f69bf0ad0061c136f
      size: 3821
    - path: src/components/model_trainer.py
      md5: 8f5580444c2bc5b4785b364da65d3c3c
      size: 2419
    - path: src/pipeline/training_pipeline.py
      md5: f549b4c808447a283c99761f8b2ec40d
      size: 947
    outs:
    - path: artifacts/model.pkl
      md5: 758c4864ad308398d1a99ea47e3f0f7f
      size: 778
    - path: artifacts/preprocessor.pkl
      md5: afb6562eb5da0bc236378c71636804cc
      size: 3001
    - path: artifacts/raw.csv
      md5: df43e685f32fc8408e82f898558ac23e
      size: 9412474
    - path: artifacts/test.csv
      md5: e6f0d2134f44c8fe18d188672f268863
      size: 2823611
    - path: artifacts/train.csv
      md5: e7fa8bbb71f2469cdf391478ce9c55b3
      size: 6588912
